
Microsoft Visual Studio Solution File, Format Version 12.00
# Visual Studio 15
Project("{FAE04EC0-301F-11D3-BF4B-00C04F79EFBC}") = "Assembly-CSharp-firstpass", "Assembly-CSharp-firstpass.csproj", "{5BD6EA81-F17B-99B4-DC37-EFD52B0A3B14}"
EndProject
Project("{FAE04EC0-301F-11D3-BF4B-00C04F79EFBC}") = "Assembly-CSharp", "Assembly-CSharp.csproj", "{3B5E329B-23E0-BFD2-9599-999A35572EE0}"
EndProject
Project("{FAE04EC0-301F-11D3-BF4B-00C04F79EFBC}") = "Assembly-CSharp-Editor-firstpass", "Assembly-CSharp-Editor-firstpass.csproj", "{BE485BDD-31A0-7856-ECD2-941FCA96D9AD}"
EndProject
Global
	GlobalSection(SolutionConfigurationPlatforms) = preSolution
		Debug|Any CPU = Debug|Any CPU
		Release|Any CPU = Release|Any CPU
	EndGlobalSection
	GlobalSection(ProjectConfigurationPlatforms) = postSolution
		{5BD6EA81-F17B-99B4-DC37-EFD52B0A3B14}.Debug|Any CPU.ActiveCfg = Debug|Any CPU
		{5BD6EA81-F17B-99B4-DC37-EFD52B0A3B14}.Debug|Any CPU.Build.0 = Debug|Any CPU
		{5BD6EA81-F17B-99B4-DC37-EFD52B0A3B14}.Release|Any CPU.ActiveCfg = Release|Any CPU
		{5BD6EA81-F17B-99B4-DC37-EFD52B0A3B14}.Release|Any CPU.Build.0 = Release|Any CPU
		{3B5E329B-23E0-BFD2-9599-999A35572EE0}.Debug|Any CPU.ActiveCfg = Debug|Any CPU
		{3B5E329B-23E0-BFD2-9599-999A35572EE0}.Debug|Any CPU.Build.0 = Debug|Any CPU
		{3B5E329B-23E0-BFD2-9599-999A35572EE0}.Release|Any CPU.ActiveCfg = Release|Any CPU
		{3B5E329B-23E0-BFD2-9599-999A35572EE0}.Release|Any CPU.Build.0 = Release|Any CPU
		{BE485BDD-31A0-7856-ECD2-941FCA96D9AD}.Debug|Any CPU.ActiveCfg = Debug|Any CPU
		{BE485BDD-31A0-7856-ECD2-941FCA96D9AD}.Debug|Any CPU.Build.0 = Debug|Any CPU
		{BE485BDD-31A0-7856-ECD2-941FCA96D9AD}.Release|Any CPU.ActiveCfg = Release|Any CPU
		{BE485BDD-31A0-7856-ECD2-941FCA96D9AD}.Release|Any CPU.Build.0 = Release|Any CPU
	EndGlobalSection
	GlobalSection(SolutionProperties) = preSolution
		HideSolutionNode = FALSE
	EndGlobalSection
EndGlobal
